
Microsoft Visual Studio Solution File, Format Version 12.00
# Visual Studio 15
VisualStudioVersion = 15.0.27130.2027
MinimumVisualStudioVersion = 10.0.40219.1
Project("{9A19103F-16F7-4668-BE54-9A1E7A4F7556}") = "SmtpCore", "SmtpCore\SmtpCore.csproj", "{84C19BEB-23FC-4089-9F95-F437C1FF05C2}"
EndProject
Project("{9A19103F-16F7-4668-BE54-9A1E7A4F7556}") = "SmtpModels", "SmtpModels\SmtpModels.csproj", "{411D88B5-28DA-43E5-8456-68888374B489}"
EndProject
Project("{9A19103F-16F7-4668-BE54-9A1E7A4F7556}") = "SmtpEntities", "SmtpEntities\SmtpEntities.csproj", "{2154A8B5-9012-41B4-A899-F64E5DA5D1DA}"
EndProject
Project("{9A19103F-16F7-4668-BE54-9A1E7A4F7556}") = "SmtpServices", "SmtpServices\SmtpServices.csproj", "{55A9751E-34A8-4521-AA97-976159755491}"
EndProject
Project("{9A19103F-16F7-4668-BE54-9A1E7A4F7556}") = "SchedulerLib", "SchedulerLib\SchedulerLib.csproj", "{F6337B2E-175E-4A6E-90FF-412899E4A009}"
EndProject
Global
	GlobalSection(SolutionConfigurationPlatforms) = preSolution
		Debug|Any CPU = Debug|Any CPU
		Release|Any CPU = Release|Any CPU
	EndGlobalSection
	GlobalSection(ProjectConfigurationPlatforms) = postSolution
		{84C19BEB-23FC-4089-9F95-F437C1FF05C2}.Debug|Any CPU.ActiveCfg = Debug|Any CPU
		{84C19BEB-23FC-4089-9F95-F437C1FF05C2}.Debug|Any CPU.Build.0 = Debug|Any CPU
		{84C19BEB-23FC-4089-9F95-F437C1FF05C2}.Release|Any CPU.ActiveCfg = Release|Any CPU
		{84C19BEB-23FC-4089-9F95-F437C1FF05C2}.Release|Any CPU.Build.0 = Release|Any CPU
		{411D88B5-28DA-43E5-8456-68888374B489}.Debug|Any CPU.ActiveCfg = Debug|Any CPU
		{411D88B5-28DA-43E5-8456-68888374B489}.Debug|Any CPU.Build.0 = Debug|Any CPU
		{411D88B5-28DA-43E5-8456-68888374B489}.Release|Any CPU.ActiveCfg = Release|Any CPU
		{411D88B5-28DA-43E5-8456-68888374B489}.Release|Any CPU.Build.0 = Release|Any CPU
		{2154A8B5-9012-41B4-A899-F64E5DA5D1DA}.Debug|Any CPU.ActiveCfg = Debug|Any CPU
		{2154A8B5-9012-41B4-A899-F64E5DA5D1DA}.Debug|Any CPU.Build.0 = Debug|Any CPU
		{2154A8B5-9012-41B4-A899-F64E5DA5D1DA}.Release|Any CPU.ActiveCfg = Release|Any CPU
		{2154A8B5-9012-41B4-A899-F64E5DA5D1DA}.Release|Any CPU.Build.0 = Release|Any CPU
		{55A9751E-34A8-4521-AA97-976159755491}.Debug|Any CPU.ActiveCfg = Debug|Any CPU
		{55A9751E-34A8-4521-AA97-976159755491}.Debug|Any CPU.Build.0 = Debug|Any CPU
		{55A9751E-34A8-4521-AA97-976159755491}.Release|Any CPU.ActiveCfg = Release|Any CPU
		{55A9751E-34A8-4521-AA97-976159755491}.Release|Any CPU.Build.0 = Release|Any CPU
		{F6337B2E-175E-4A6E-90FF-412899E4A009}.Debug|Any CPU.ActiveCfg = Debug|Any CPU
		{F6337B2E-175E-4A6E-90FF-412899E4A009}.Debug|Any CPU.Build.0 = Debug|Any CPU
		{F6337B2E-175E-4A6E-90FF-412899E4A009}.Release|Any CPU.ActiveCfg = Release|Any CPU
		{F6337B2E-175E-4A6E-90FF-412899E4A009}.Release|Any CPU.Build.0 = Release|Any CPU
	EndGlobalSection
	GlobalSection(SolutionProperties) = preSolution
		HideSolutionNode = FALSE
	EndGlobalSection
	GlobalSection(ExtensibilityGlobals) = postSolution
		SolutionGuid = {5A6EF7DD-4620-4548-809F-05B3EECF2972}
	EndGlobalSection
EndGlobal
